<?xml version="1.0" encoding="utf-8"?>
<Project ToolsVersion="4.0" xmlns="http://schemas.microsoft.com/developer/msbuild/2003">
  <ItemGroup>
    <Filter Include="Source Files">
      <UniqueIdentifier>{4FC737F1-C7A5-4376-A066-2A32D752A2FF}</UniqueIdentifier>
      <Extensions>cpp;c;cc;cxx;c++;cppm;ixx;def;odl;idl;hpj;bat;asm;asmx</Extensions>
    </Filter>
    <Filter Include="Header Files">
      <UniqueIdentifier>{93995380-89BD-4b04-88EB-625FBE52EBFB}</UniqueIdentifier>
      <Extensions>h;hh;hpp;hxx;h++;hm;inl;inc;ipp;xsd</Extensions>
    </Filter>
    <Filter Include="Resource Files">
      <UniqueIdentifier>{67DA6AB6-F800-4c08-8B7A-83BB121AAD01}</UniqueIdentifier>
      <Extensions>rc;ico;cur;bmp;dlg;rc2;rct;bin;rgs;gif;jpg;jpeg;jpe;resx;tiff;tif;png;wav;mfcribbon-ms</Extensions>
    </Filter>
    <Filter Include="Shaders">
      <UniqueIdentifier>{4ca66110-fcfd-42af-80d6-30d1cf1646a6}</UniqueIdentifier>
    </Filter>
  </ItemGroup>
  <ItemGroup>
    <ClCompile Include="src\glad\glad.c">
      <Filter>Source Files</Filter>
    </ClCompile>
    <ClCompile Include="src\HelloWindow.cpp">
      <Filter>Source Files</Filter>
    </ClCompile>
    <ClCompile Include="src\lodepng.cpp">
      <Filter>Source Files</Filter>
    </ClCompile>
  </ItemGroup>
  <ItemGroup>
    <None Include="shaders\basic\basic.frag">
      <Filter>Shaders</Filter>
    </None>
    <None Include="shaders\basic\basic.vert">
      <Filter>Shaders</Filter>
    </None>
    <None Include="shaders\cubeEnvironment.frag">
      <Filter>Shaders</Filter>
    </None>
    <None Include="shaders\cubeEnvironment.vert">
      <Filter>Shaders</Filter>
    </None>
    <None Include="shaders\environmentFragment.frag">
      <Filter>Shaders</Filter>
    </None>
    <None Include="shaders\environmentVertex.vert">
      <Filter>Shaders</Filter>
    </None>
    <None Include="shaders\planeFragmentShader.frag">
      <Filter>Shaders</Filter>
    </None>
    <None Include="shaders\planeVertexShader.vert">
      <Filter>Shaders</Filter>
    </None>
    <None Include="shaders\Reflections\reflect.frag">
      <Filter>Shaders</Filter>
    </None>
    <None Include="shaders\Reflections\reflect.vert">
      <Filter>Shaders</Filter>
    </None>
    <None Include="shaders\reflections\reflectPlane.frag">
      <Filter>Shaders</Filter>
    </None>
    <None Include="shaders\reflections\reflectPlane.vert">
      <Filter>Shaders</Filter>
    </None>
    <None Include="shaders\helloShader.vert">
      <Filter>Shaders</Filter>
    </None>
    <None Include="shaders\helloShader.frag">
      <Filter>Shaders</Filter>
    </None>
  </ItemGroup>
  <ItemGroup>
    <ClInclude Include="D:\Desktop\OpenGL\Include\textures.h">
      <Filter>Header Files</Filter>
    </ClInclude>
    <ClInclude Include="D:\Desktop\OpenGL\Include\gameobject.h">
      <Filter>Header Files</Filter>
    </ClInclude>
    <ClInclude Include="D:\Desktop\OpenGL\Include\utilities.h">
      <Filter>Header Files</Filter>
    </ClInclude>
    <ClInclude Include="D:\Desktop\OpenGL\Include\windowProperties.h">
      <Filter>Header Files</Filter>
    </ClInclude>
    <ClInclude Include="D:\Desktop\OpenGL\Include\environment.h">
      <Filter>Header Files</Filter>
    </ClInclude>
    <ClInclude Include="D:\Desktop\OpenGL\Include\environmentCube.h">
      <Filter>Header Files</Filter>
    </ClInclude>
    <ClInclude Include="D:\Desktop\OpenGL\Include\lights.h">
      <Filter>Header Files</Filter>
    </ClInclude>
    <ClInclude Include="D:\Desktop\OpenGL\Include\transforms.h">
      <Filter>Header Files</Filter>
    </ClInclude>
    <ClInclude Include="D:\Desktop\OpenGL\Include\reflection.h">
      <Filter>Header Files</Filter>
    </ClInclude>
    <ClInclude Include="D:\Desktop\OpenGL\Include\camera.h">
      <Filter>Header Files</Filter>
    </ClInclude>
    <ClInclude Include="D:\Desktop\OpenGL\Include\inputs.h">
      <Filter>Header Files</Filter>
    </ClInclude>
    <ClInclude Include="D:\Desktop\OpenGL\Include\deltatime.h">
      <Filter>Header Files</Filter>
    </ClInclude>
  </ItemGroup>
</Project>